{
  "name": "websocket-base-status",
  "version": "1.0.0",
  "lockfileVersion": 1,
  "requires": true,
  "dependencies": {
    "circular-json": {
      "version": "0.5.1",
      "resolved": "https://registry.npmjs.org/circular-json/-/circular-json-0.5.1.tgz",
      "integrity": "sha512-UjgcRlTAhAkLeXmDe2wK7ktwy/tgAqxiSndTIPiFZuIPLZmzHzWMwUIe9h9m/OokypG7snxCDEuwJshGBdPvaw=="
    },
    "ua-parser-js": {
      "version": "0.7.17",
      "resolved": "https://registry.npmjs.org/ua-parser-js/-/ua-parser-js-0.7.17.tgz",
      "integrity": "sha512-uRdSdu1oA1rncCQL7sCj8vSyZkgtL7faaw9Tc9rZ3mGgraQ7+Pdx7w5mnOSF3gw9ZNG6oc+KXfkon3bKuROm0g=="
    }
  }
}
